
Microsoft Visual Studio Solution File, Format Version 12.00
# Visual Studio Version 17
VisualStudioVersion = 17.4.33205.214
MinimumVisualStudioVersion = 10.0.40219.1
Project("{8BC9CEB8-8B4A-11D0-8D11-00A0C91BC942}") = "初始指针", "初始指针\初始指针.vcxproj", "{FB00F185-EF4B-4D19-8CDF-87F697AF8C3B}"
EndProject
Global
	GlobalSection(SolutionConfigurationPlatforms) = preSolution
		Debug|x64 = Debug|x64
		Debug|x86 = Debug|x86
		Release|x64 = Release|x64
		Release|x86 = Release|x86
	EndGlobalSection
	GlobalSection(ProjectConfigurationPlatforms) = postSolution
		{FB00F185-EF4B-4D19-8CDF-87F697AF8C3B}.Debug|x64.ActiveCfg = Debug|x64
		{FB00F185-EF4B-4D19-8CDF-87F697AF8C3B}.Debug|x64.Build.0 = Debug|x64
		{FB00F185-EF4B-4D19-8CDF-87F697AF8C3B}.Debug|x86.ActiveCfg = Debug|Win32
		{FB00F185-EF4B-4D19-8CDF-87F697AF8C3B}.Debug|x86.Build.0 = Debug|Win32
		{FB00F185-EF4B-4D19-8CDF-87F697AF8C3B}.Release|x64.ActiveCfg = Release|x64
		{FB00F185-EF4B-4D19-8CDF-87F697AF8C3B}.Release|x64.Build.0 = Release|x64
		{FB00F185-EF4B-4D19-8CDF-87F697AF8C3B}.Release|x86.ActiveCfg = Release|Win32
		{FB00F185-EF4B-4D19-8CDF-87F697AF8C3B}.Release|x86.Build.0 = Release|Win32
	EndGlobalSection
	GlobalSection(SolutionProperties) = preSolution
		HideSolutionNode = FALSE
	EndGlobalSection
	GlobalSection(ExtensibilityGlobals) = postSolution
		SolutionGuid = {FC137D27-8564-4DD1-BC94-315DA2CAF3A7}
	EndGlobalSection
EndGlobal
