
Microsoft Visual Studio Solution File, Format Version 12.00
# Visual Studio Version 17
VisualStudioVersion = 17.4.33205.214
MinimumVisualStudioVersion = 10.0.40219.1
Project("{8BC9CEB8-8B4A-11D0-8D11-00A0C91BC942}") = "位段_枚举_共用体", "位段_枚举_共用体\位段_枚举_共用体.vcxproj", "{539D4735-475A-440B-B6C6-57A7D7A35323}"
EndProject
Global
	GlobalSection(SolutionConfigurationPlatforms) = preSolution
		Debug|x64 = Debug|x64
		Debug|x86 = Debug|x86
		Release|x64 = Release|x64
		Release|x86 = Release|x86
	EndGlobalSection
	GlobalSection(ProjectConfigurationPlatforms) = postSolution
		{539D4735-475A-440B-B6C6-57A7D7A35323}.Debug|x64.ActiveCfg = Debug|x64
		{539D4735-475A-440B-B6C6-57A7D7A35323}.Debug|x64.Build.0 = Debug|x64
		{539D4735-475A-440B-B6C6-57A7D7A35323}.Debug|x86.ActiveCfg = Debug|Win32
		{539D4735-475A-440B-B6C6-57A7D7A35323}.Debug|x86.Build.0 = Debug|Win32
		{539D4735-475A-440B-B6C6-57A7D7A35323}.Release|x64.ActiveCfg = Release|x64
		{539D4735-475A-440B-B6C6-57A7D7A35323}.Release|x64.Build.0 = Release|x64
		{539D4735-475A-440B-B6C6-57A7D7A35323}.Release|x86.ActiveCfg = Release|Win32
		{539D4735-475A-440B-B6C6-57A7D7A35323}.Release|x86.Build.0 = Release|Win32
	EndGlobalSection
	GlobalSection(SolutionProperties) = preSolution
		HideSolutionNode = FALSE
	EndGlobalSection
	GlobalSection(ExtensibilityGlobals) = postSolution
		SolutionGuid = {BFE90BA0-A8D3-4561-8575-92842F4D8370}
	EndGlobalSection
EndGlobal
