
Microsoft Visual Studio Solution File, Format Version 12.00
# Visual Studio Version 17
VisualStudioVersion = 17.4.33205.214
MinimumVisualStudioVersion = 10.0.40219.1
Project("{8BC9CEB8-8B4A-11D0-8D11-00A0C91BC942}") = "29-文件操作", "29-文件操作\29-文件操作.vcxproj", "{EC481D2B-DE6F-4488-9A30-8DEA6A8636D5}"
EndProject
Global
	GlobalSection(SolutionConfigurationPlatforms) = preSolution
		Debug|x64 = Debug|x64
		Debug|x86 = Debug|x86
		Release|x64 = Release|x64
		Release|x86 = Release|x86
	EndGlobalSection
	GlobalSection(ProjectConfigurationPlatforms) = postSolution
		{EC481D2B-DE6F-4488-9A30-8DEA6A8636D5}.Debug|x64.ActiveCfg = Debug|x64
		{EC481D2B-DE6F-4488-9A30-8DEA6A8636D5}.Debug|x64.Build.0 = Debug|x64
		{EC481D2B-DE6F-4488-9A30-8DEA6A8636D5}.Debug|x86.ActiveCfg = Debug|Win32
		{EC481D2B-DE6F-4488-9A30-8DEA6A8636D5}.Debug|x86.Build.0 = Debug|Win32
		{EC481D2B-DE6F-4488-9A30-8DEA6A8636D5}.Release|x64.ActiveCfg = Release|x64
		{EC481D2B-DE6F-4488-9A30-8DEA6A8636D5}.Release|x64.Build.0 = Release|x64
		{EC481D2B-DE6F-4488-9A30-8DEA6A8636D5}.Release|x86.ActiveCfg = Release|Win32
		{EC481D2B-DE6F-4488-9A30-8DEA6A8636D5}.Release|x86.Build.0 = Release|Win32
	EndGlobalSection
	GlobalSection(SolutionProperties) = preSolution
		HideSolutionNode = FALSE
	EndGlobalSection
	GlobalSection(ExtensibilityGlobals) = postSolution
		SolutionGuid = {3130C050-0D61-4AD9-8334-27973C2E20CE}
	EndGlobalSection
EndGlobal
