
Microsoft Visual Studio Solution File, Format Version 12.00
# Visual Studio Version 17
VisualStudioVersion = 17.4.33205.214
MinimumVisualStudioVersion = 10.0.40219.1
Project("{8BC9CEB8-8B4A-11D0-8D11-00A0C91BC942}") = "s数组", "s数组\s数组.vcxproj", "{5AB8A552-F404-4C9C-B980-B392EA419F96}"
EndProject
Global
	GlobalSection(SolutionConfigurationPlatforms) = preSolution
		Debug|x64 = Debug|x64
		Debug|x86 = Debug|x86
		Release|x64 = Release|x64
		Release|x86 = Release|x86
	EndGlobalSection
	GlobalSection(ProjectConfigurationPlatforms) = postSolution
		{5AB8A552-F404-4C9C-B980-B392EA419F96}.Debug|x64.ActiveCfg = Debug|x64
		{5AB8A552-F404-4C9C-B980-B392EA419F96}.Debug|x64.Build.0 = Debug|x64
		{5AB8A552-F404-4C9C-B980-B392EA419F96}.Debug|x86.ActiveCfg = Debug|Win32
		{5AB8A552-F404-4C9C-B980-B392EA419F96}.Debug|x86.Build.0 = Debug|Win32
		{5AB8A552-F404-4C9C-B980-B392EA419F96}.Release|x64.ActiveCfg = Release|x64
		{5AB8A552-F404-4C9C-B980-B392EA419F96}.Release|x64.Build.0 = Release|x64
		{5AB8A552-F404-4C9C-B980-B392EA419F96}.Release|x86.ActiveCfg = Release|Win32
		{5AB8A552-F404-4C9C-B980-B392EA419F96}.Release|x86.Build.0 = Release|Win32
	EndGlobalSection
	GlobalSection(SolutionProperties) = preSolution
		HideSolutionNode = FALSE
	EndGlobalSection
	GlobalSection(ExtensibilityGlobals) = postSolution
		SolutionGuid = {C75E66B0-83A9-40E6-AA08-881C69FFCCBA}
	EndGlobalSection
EndGlobal
